
Microsoft Visual Studio Solution File, Format Version 12.00
# Visual Studio Version 17
VisualStudioVersion = 17.14.36221.1 d17.14
MinimumVisualStudioVersion = 10.0.40219.1
Project("{FAE04EC0-301F-11D3-BF4B-00C04F79EFBC}") = "System_Small_Library_Mega", "System_Small_Library_Mega\System_Small_Library_Mega.csproj", "{1694FAEC-5B74-459E-B4A0-88734D5B06CF}"
EndProject
Global
	GlobalSection(SolutionConfigurationPlatforms) = preSolution
		Debug|Any CPU = Debug|Any CPU
		Release|Any CPU = Release|Any CPU
	EndGlobalSection
	GlobalSection(ProjectConfigurationPlatforms) = postSolution
		{1694FAEC-5B74-459E-B4A0-88734D5B06CF}.Debug|Any CPU.ActiveCfg = Debug|Any CPU
		{1694FAEC-5B74-459E-B4A0-88734D5B06CF}.Debug|Any CPU.Build.0 = Debug|Any CPU
		{1694FAEC-5B74-459E-B4A0-88734D5B06CF}.Release|Any CPU.ActiveCfg = Release|Any CPU
		{1694FAEC-5B74-459E-B4A0-88734D5B06CF}.Release|Any CPU.Build.0 = Release|Any CPU
	EndGlobalSection
	GlobalSection(SolutionProperties) = preSolution
		HideSolutionNode = FALSE
	EndGlobalSection
	GlobalSection(ExtensibilityGlobals) = postSolution
		SolutionGuid = {A13E9806-0AEE-4B1B-9C74-FC9DE5E84E5D}
	EndGlobalSection
EndGlobal
